<?xml version="1.0" encoding="UTF-8" standalone="yes" ?>
<CodeBlocks_project_file>
	<FileVersion major="1" minor="6" />
	<Project>
		<Option title="ChromaX" />
		<Option pch_mode="2" />
		<Option compiler="gcc" />
		<Option virtualFolders="source\;" />
		<Build>
			<Target title="PC Debug">
				<Option output=".\built\PC_Template_d.exe" prefix_auto="0" extension_auto="1" />
				<Option working_dir=".\built\" />
				<Option object_output=".\obj\PC\Debug\" />
				<Option type="1" />
				<Option compiler="gcc" />
				<Compiler>
					<Add option="-g" />
					<Add option="-DPLATFORM_PC" />
				</Compiler>
				<Linker>
					<Add option="-lmingw32 -lSDLmain -lSDL -lSDL_image -lSDLgfx -lSDL_mixer -lSDL_ttf" />
				</Linker>
			</Target>
			<Target title="PC Release">
				<Option output=".\built\PC_Template_r.exe" prefix_auto="0" extension_auto="1" />
				<Option working_dir=".\built\" />
				<Option object_output=".\obj\PC\Release\" />
				<Option type="0" />
				<Option compiler="gcc" />
				<Compiler>
					<Add option="-O2" />
					<Add option="-DPLATFORM_PC" />
				</Compiler>
				<Linker>
					<Add option="-s" />
					<Add option="-lmingw32 -lSDLmain -lSDL -lSDL_image -lSDLgfx -lSDL_mixer -lSDL_ttf" />
				</Linker>
			</Target>
			<Target title="DevkitGP2X GPL Release">
				<Option output=".\built\GP2X_GPL_Template_r.gpe" prefix_auto="0" extension_auto="0" />
				<Option working_dir=".\built\" />
				<Option object_output=".\obj\GPL_GP2X\Release" />
				<Option type="1" />
				<Option compiler="devkitgp2x" />
				<Option use_console_runner="0" />
				<Compiler>
					<Add option="-O2" />
					<Add option="-DPLATFORM_GP2X" />
				</Compiler>
				<Linker>
					<Add option="-s" />
					<Add option="-static -lSDL_gfx -lSDL_ttf -lfreetype -lSDL_image -ljpeg -lpng12 -lz -lSDL_mixer -lvorbisidec -lmikmod -lmad -lSDL -lgcc -lm -lc -lexpat -lpthread -msoft-float" />
				</Linker>
			</Target>
			<Target title="DevkitGP2X LGPL Release">
				<Option output=".\built\GP2X_LPGL_Template_r.gpe" prefix_auto="0" extension_auto="0" />
				<Option working_dir=".\built\" />
				<Option object_output=".\obj\LGPL_GP2X\Release" />
				<Option type="1" />
				<Option compiler="devkitgp2x_lgpl" />
				<Option use_console_runner="0" />
				<Compiler>
					<Add option="-O2" />
					<Add option="-DPLATFORM_GP2X" />
				</Compiler>
				<Linker>
					<Add option="-s" />
					<Add option="-static -lSDL_gfx -lSDL_ttf -lfreetype -lSDL_image -ljpeg -lpng12 -lz -lSDL_mixer -lvorbisidec -lmikmod -lsmpeg -lSDL -lgcc -lm -lc -lexpat -lpthread -msoft-float" />
				</Linker>
			</Target>
		</Build>
		<Compiler>
			<Add option="-Wall" />
		</Compiler>
		<Unit filename="source\animation.cpp" />
		<Unit filename="source\animation.h" />
		<Unit filename="source\animationrenderengine.cpp" />
		<Unit filename="source\animationrenderengine.h" />
		<Unit filename="source\basicmovementengine.cpp" />
		<Unit filename="source\basicmovementengine.h" />
		<Unit filename="source\bitmaplistrenderengine.cpp" />
		<Unit filename="source\bitmaplistrenderengine.h" />
		<Unit filename="source\bitmaprenderengine.cpp" />
		<Unit filename="source\bitmaprenderengine.h" />
		<Unit filename="source\bitmapserver.cpp" />
		<Unit filename="source\bitmapserver.h" />
		<Unit filename="source\blades.cpp" />
		<Unit filename="source\blades.h" />
		<Unit filename="source\bulletbase.cpp" />
		<Unit filename="source\bulletbase.h" />
		<Unit filename="source\bulletmanager.cpp" />
		<Unit filename="source\bulletmanager.h" />
		<Unit filename="source\cannonengine.cpp" />
		<Unit filename="source\cannonengine.h" />
		<Unit filename="source\chopper.cpp" />
		<Unit filename="source\chopper.h" />
		<Unit filename="source\chopperbulletbasic.cpp" />
		<Unit filename="source\chopperbulletbasic.h" />
		<Unit filename="source\cloud.cpp" />
		<Unit filename="source\cloud.h" />
		<Unit filename="source\cloudmanager.cpp" />
		<Unit filename="source\cloudmanager.h" />
		<Unit filename="source\cloudmovementengine.cpp" />
		<Unit filename="source\cloudmovementengine.h" />
		<Unit filename="source\constants.h" />
		<Unit filename="source\digitwriter.cpp" />
		<Unit filename="source\digitwriter.h" />
		<Unit filename="source\enemy.cpp" />
		<Unit filename="source\enemy.h" />
		<Unit filename="source\enemybulletbasic.cpp" />
		<Unit filename="source\enemybulletbasic.h" />
		<Unit filename="source\enemymanager.cpp" />
		<Unit filename="source\enemymanager.h" />
		<Unit filename="source\extralifepowerup.cpp" />
		<Unit filename="source\extralifepowerup.h" />
		<Unit filename="source\game.cpp" />
		<Unit filename="source\game.h" />
		<Unit filename="source\gamesprite.cpp" />
		<Unit filename="source\gamesprite.h" />
		<Unit filename="source\leftrightcurvemovementengine.cpp" />
		<Unit filename="source\leftrightcurvemovementengine.h" />
		<Unit filename="source\level.cpp" />
		<Unit filename="source\level.h" />
		<Unit filename="source\main.cpp" />
		<Unit filename="source\mathtools.cpp" />
		<Unit filename="source\mathtools.h" />
		<Unit filename="source\missiontext.cpp" />
		<Unit filename="source\missiontext.h" />
		<Unit filename="source\missiontextmovementengine.cpp" />
		<Unit filename="source\missiontextmovementengine.h" />
		<Unit filename="source\movementengine.cpp" />
		<Unit filename="source\movementengine.h" />
		<Unit filename="source\particle.cpp" />
		<Unit filename="source\particle.h" />
		<Unit filename="source\particlemanager.cpp" />
		<Unit filename="source\particlemanager.h" />
		<Unit filename="source\plane1.cpp" />
		<Unit filename="source\plane1.h" />
		<Unit filename="source\plane2.cpp" />
		<Unit filename="source\plane2.h" />
		<Unit filename="source\playercannonengine.cpp" />
		<Unit filename="source\playercannonengine.h" />
		<Unit filename="source\playermovementengine.cpp" />
		<Unit filename="source\playermovementengine.h" />
		<Unit filename="source\radialcannonengine.cpp" />
		<Unit filename="source\radialcannonengine.h" />
		<Unit filename="source\renderengine.cpp" />
		<Unit filename="source\renderengine.h" />
		<Unit filename="source\rocket.cpp" />
		<Unit filename="source\rocket.h" />
		<Unit filename="source\score.cpp" />
		<Unit filename="source\score.h" />
		<Unit filename="source\scorebubble.cpp" />
		<Unit filename="source\scorebubble.h" />
		<Unit filename="source\sdltools.cpp" />
		<Unit filename="source\sdltools.h" />
		<Unit filename="source\shield.cpp" />
		<Unit filename="source\shield.h" />
		<Unit filename="source\shieldpowerup.cpp" />
		<Unit filename="source\shieldpowerup.h" />
		<Unit filename="source\soundplayer.cpp" />
		<Unit filename="source\soundplayer.h" />
		<Unit filename="source\spritebase.cpp" />
		<Unit filename="source\spritebase.h" />
		<Unit filename="source\spritemanager.cpp" />
		<Unit filename="source\spritemanager.h" />
		<Unit filename="source\titlescreen.cpp" />
		<Unit filename="source\titlescreen.h" />
		<Unit filename="source\ufo.cpp" />
		<Unit filename="source\ufo.h" />
		<Extensions>
			<code_completion />
			<envvars />
			<debugger />
		</Extensions>
	</Project>
</CodeBlocks_project_file>
